
Microsoft Visual Studio Solution File, Format Version 12.00
# Visual Studio Version 17
VisualStudioVersion = 17.5.33530.505
MinimumVisualStudioVersion = 10.0.40219.1
Project("{FAE04EC0-301F-11D3-BF4B-00C04F79EFBC}") = "LoginService1", "LoginService1\LoginService1.csproj", "{41C2A933-5F5E-4B0A-ADF5-BED909AEF5E3}"
EndProject
Global
	GlobalSection(SolutionConfigurationPlatforms) = preSolution
		Debug|Any CPU = Debug|Any CPU
		Release|Any CPU = Release|Any CPU
	EndGlobalSection
	GlobalSection(ProjectConfigurationPlatforms) = postSolution
		{41C2A933-5F5E-4B0A-ADF5-BED909AEF5E3}.Debug|Any CPU.ActiveCfg = Debug|Any CPU
		{41C2A933-5F5E-4B0A-ADF5-BED909AEF5E3}.Debug|Any CPU.Build.0 = Debug|Any CPU
		{41C2A933-5F5E-4B0A-ADF5-BED909AEF5E3}.Release|Any CPU.ActiveCfg = Release|Any CPU
		{41C2A933-5F5E-4B0A-ADF5-BED909AEF5E3}.Release|Any CPU.Build.0 = Release|Any CPU
	EndGlobalSection
	GlobalSection(SolutionProperties) = preSolution
		HideSolutionNode = FALSE
	EndGlobalSection
	GlobalSection(ExtensibilityGlobals) = postSolution
		SolutionGuid = {270FFB14-1D1C-4F94-AFC5-048A6E450BBF}
	EndGlobalSection
EndGlobal
